
Microsoft Visual Studio Solution File, Format Version 12.00
# Visual Studio Version 16
VisualStudioVersion = 16.0.32228.343
MinimumVisualStudioVersion = 10.0.40219.1
Project("{FAE04EC0-301F-11D3-BF4B-00C04F79EFBC}") = "ProjectOOP", "ProjectOOP\ProjectOOP.csproj", "{585BCBC0-E672-48C3-B599-8FC1934EE264}"
EndProject
Global
	GlobalSection(SolutionConfigurationPlatforms) = preSolution
		Debug|Any CPU = Debug|Any CPU
		Release|Any CPU = Release|Any CPU
	EndGlobalSection
	GlobalSection(ProjectConfigurationPlatforms) = postSolution
		{585BCBC0-E672-48C3-B599-8FC1934EE264}.Debug|Any CPU.ActiveCfg = Debug|Any CPU
		{585BCBC0-E672-48C3-B599-8FC1934EE264}.Debug|Any CPU.Build.0 = Debug|Any CPU
		{585BCBC0-E672-48C3-B599-8FC1934EE264}.Release|Any CPU.ActiveCfg = Release|Any CPU
		{585BCBC0-E672-48C3-B599-8FC1934EE264}.Release|Any CPU.Build.0 = Release|Any CPU
	EndGlobalSection
	GlobalSection(SolutionProperties) = preSolution
		HideSolutionNode = FALSE
	EndGlobalSection
	GlobalSection(ExtensibilityGlobals) = postSolution
		SolutionGuid = {5FA18EC6-6566-4EFF-8C90-2496CA2ED9F5}
	EndGlobalSection
EndGlobal
